
Microsoft Visual Studio Solution File, Format Version 12.00
# Visual Studio Version 17
VisualStudioVersion = 17.12.35527.113 d17.12
MinimumVisualStudioVersion = 10.0.40219.1
Project("{FAE04EC0-301F-11D3-BF4B-00C04F79EFBC}") = "acfour_sergio_vegas", "acfour_sergio_vegas\acfour_sergio_vegas.csproj", "{CFAD2472-C138-4D2B-9998-55B515701ACB}"
EndProject
Global
	GlobalSection(SolutionConfigurationPlatforms) = preSolution
		Debug|Any CPU = Debug|Any CPU
		Release|Any CPU = Release|Any CPU
	EndGlobalSection
	GlobalSection(ProjectConfigurationPlatforms) = postSolution
		{CFAD2472-C138-4D2B-9998-55B515701ACB}.Debug|Any CPU.ActiveCfg = Debug|Any CPU
		{CFAD2472-C138-4D2B-9998-55B515701ACB}.Debug|Any CPU.Build.0 = Debug|Any CPU
		{CFAD2472-C138-4D2B-9998-55B515701ACB}.Release|Any CPU.ActiveCfg = Release|Any CPU
		{CFAD2472-C138-4D2B-9998-55B515701ACB}.Release|Any CPU.Build.0 = Release|Any CPU
	EndGlobalSection
	GlobalSection(SolutionProperties) = preSolution
		HideSolutionNode = FALSE
	EndGlobalSection
EndGlobal
